
Microsoft Visual Studio Solution File, Format Version 12.00
# Visual Studio 2013
VisualStudioVersion = 12.0.20623.1 VSUPREVIEW
MinimumVisualStudioVersion = 10.0.40219.1
Project("{FAE04EC0-301F-11D3-BF4B-00C04F79EFBC}") = "WebApiAzureADAuth.Api", "src\WebApiAzureADAuth.Api\WebApiAzureADAuth.Api.csproj", "{0F0796E1-8523-47E2-A4E2-743D3D114362}"
EndProject
Project("{2150E333-8FDC-42A3-9474-1A3956D46DE8}") = ".nuget", ".nuget", "{7198356A-62F8-4C93-B9C9-86726A9895F7}"
	ProjectSection(SolutionItems) = preProject
		.nuget\NuGet.Config = .nuget\NuGet.Config
		.nuget\NuGet.exe = .nuget\NuGet.exe
		.nuget\NuGet.targets = .nuget\NuGet.targets
	EndProjectSection
EndProject
Project("{FAE04EC0-301F-11D3-BF4B-00C04F79EFBC}") = "WebApiAzureADAuth.Api.Client", "src\WebApiAzureADAuth.Api.Client\WebApiAzureADAuth.Api.Client.csproj", "{85C2C5B4-1A6E-4438-99B2-C5DCC101F8F1}"
EndProject
Global
	GlobalSection(SolutionConfigurationPlatforms) = preSolution
		Debug|Any CPU = Debug|Any CPU
		Release|Any CPU = Release|Any CPU
	EndGlobalSection
	GlobalSection(ProjectConfigurationPlatforms) = postSolution
		{0F0796E1-8523-47E2-A4E2-743D3D114362}.Debug|Any CPU.ActiveCfg = Debug|Any CPU
		{0F0796E1-8523-47E2-A4E2-743D3D114362}.Debug|Any CPU.Build.0 = Debug|Any CPU
		{0F0796E1-8523-47E2-A4E2-743D3D114362}.Release|Any CPU.ActiveCfg = Release|Any CPU
		{0F0796E1-8523-47E2-A4E2-743D3D114362}.Release|Any CPU.Build.0 = Release|Any CPU
		{85C2C5B4-1A6E-4438-99B2-C5DCC101F8F1}.Debug|Any CPU.ActiveCfg = Debug|Any CPU
		{85C2C5B4-1A6E-4438-99B2-C5DCC101F8F1}.Debug|Any CPU.Build.0 = Debug|Any CPU
		{85C2C5B4-1A6E-4438-99B2-C5DCC101F8F1}.Release|Any CPU.ActiveCfg = Release|Any CPU
		{85C2C5B4-1A6E-4438-99B2-C5DCC101F8F1}.Release|Any CPU.Build.0 = Release|Any CPU
	EndGlobalSection
	GlobalSection(SolutionProperties) = preSolution
		HideSolutionNode = FALSE
	EndGlobalSection
EndGlobal
